
Microsoft Visual Studio Solution File, Format Version 12.00
# Visual Studio Version 16
VisualStudioVersion = 16.0.29102.190
MinimumVisualStudioVersion = 10.0.40219.1
Project("{FAE04EC0-301F-11D3-BF4B-00C04F79EFBC}") = "SpaceInvader", "SpaceInvader\SpaceInvader.csproj", "{CDFB2A77-268A-479F-8D75-155F6BB4A4E2}"
EndProject
Global
	GlobalSection(SolutionConfigurationPlatforms) = preSolution
		Debug|Any CPU = Debug|Any CPU
		Release|Any CPU = Release|Any CPU
	EndGlobalSection
	GlobalSection(ProjectConfigurationPlatforms) = postSolution
		{CDFB2A77-268A-479F-8D75-155F6BB4A4E2}.Debug|Any CPU.ActiveCfg = Debug|Any CPU
		{CDFB2A77-268A-479F-8D75-155F6BB4A4E2}.Debug|Any CPU.Build.0 = Debug|Any CPU
		{CDFB2A77-268A-479F-8D75-155F6BB4A4E2}.Release|Any CPU.ActiveCfg = Release|Any CPU
		{CDFB2A77-268A-479F-8D75-155F6BB4A4E2}.Release|Any CPU.Build.0 = Release|Any CPU
	EndGlobalSection
	GlobalSection(SolutionProperties) = preSolution
		HideSolutionNode = FALSE
	EndGlobalSection
	GlobalSection(ExtensibilityGlobals) = postSolution
		SolutionGuid = {67CC141E-03FA-4D7F-9DD8-B53E7C92B201}
	EndGlobalSection
EndGlobal
